
Microsoft Visual Studio Solution File, Format Version 12.00
# Visual Studio 15
VisualStudioVersion = 15.0.27703.2000
MinimumVisualStudioVersion = 10.0.40219.1
Project("{FAE04EC0-301F-11D3-BF4B-00C04F79EFBC}") = "CrossApp.Android", "CrossApp\CrossApp.Android\CrossApp.Android.csproj", "{BB02265F-ECF0-4D14-B012-1FBCA21D667B}"
EndProject
Project("{FAE04EC0-301F-11D3-BF4B-00C04F79EFBC}") = "CrossApp.iOS", "CrossApp\CrossApp.iOS\CrossApp.iOS.csproj", "{CE89AEFB-2C04-4AED-86F0-A0E99D687937}"
EndProject
Project("{FAE04EC0-301F-11D3-BF4B-00C04F79EFBC}") = "CrossApp.UWP", "CrossApp\CrossApp.UWP\CrossApp.UWP.csproj", "{63CB5E9E-0A84-4934-9C91-C68BE516AFE5}"
EndProject
Project("{D954291E-2A0B-460D-934E-DC6B0785DB48}") = "CrossApp", "CrossApp\CrossApp\CrossApp.shproj", "{D5F2DA3B-8F8F-4D97-9BB8-368F9D788143}"
EndProject
Global
	GlobalSection(SharedMSBuildProjectFiles) = preSolution
		CrossApp\CrossApp\CrossApp.projitems*{63cb5e9e-0a84-4934-9c91-c68be516afe5}*SharedItemsImports = 4
		CrossApp\CrossApp\CrossApp.projitems*{bb02265f-ecf0-4d14-b012-1fbca21d667b}*SharedItemsImports = 4
		CrossApp\CrossApp\CrossApp.projitems*{ce89aefb-2c04-4aed-86f0-a0e99d687937}*SharedItemsImports = 4
		CrossApp\CrossApp\CrossApp.projitems*{d5f2da3b-8f8f-4d97-9bb8-368f9d788143}*SharedItemsImports = 13
	EndGlobalSection
	GlobalSection(SolutionConfigurationPlatforms) = preSolution
		Ad-Hoc|Any CPU = Ad-Hoc|Any CPU
		Ad-Hoc|ARM = Ad-Hoc|ARM
		Ad-Hoc|iPhone = Ad-Hoc|iPhone
		Ad-Hoc|iPhoneSimulator = Ad-Hoc|iPhoneSimulator
		Ad-Hoc|x64 = Ad-Hoc|x64
		Ad-Hoc|x86 = Ad-Hoc|x86
		AppStore|Any CPU = AppStore|Any CPU
		AppStore|ARM = AppStore|ARM
		AppStore|iPhone = AppStore|iPhone
		AppStore|iPhoneSimulator = AppStore|iPhoneSimulator
		AppStore|x64 = AppStore|x64
		AppStore|x86 = AppStore|x86
		Debug|Any CPU = Debug|Any CPU
		Debug|ARM = Debug|ARM
		Debug|iPhone = Debug|iPhone
		Debug|iPhoneSimulator = Debug|iPhoneSimulator
		Debug|x64 = Debug|x64
		Debug|x86 = Debug|x86
		Release|Any CPU = Release|Any CPU
		Release|ARM = Release|ARM
		Release|iPhone = Release|iPhone
		Release|iPhoneSimulator = Release|iPhoneSimulator
		Release|x64 = Release|x64
		Release|x86 = Release|x86
	EndGlobalSection
	GlobalSection(ProjectConfigurationPlatforms) = postSolution
		{BB02265F-ECF0-4D14-B012-1FBCA21D667B}.Ad-Hoc|Any CPU.ActiveCfg = Release|Any CPU
		{BB02265F-ECF0-4D14-B012-1FBCA21D667B}.Ad-Hoc|Any CPU.Build.0 = Release|Any CPU
		{BB02265F-ECF0-4D14-B012-1FBCA21D667B}.Ad-Hoc|Any CPU.Deploy.0 = Release|Any CPU
		{BB02265F-ECF0-4D14-B012-1FBCA21D667B}.Ad-Hoc|ARM.ActiveCfg = Release|Any CPU
		{BB02265F-ECF0-4D14-B012-1FBCA21D667B}.Ad-Hoc|ARM.Build.0 = Release|Any CPU
		{BB02265F-ECF0-4D14-B012-1FBCA21D667B}.Ad-Hoc|ARM.Deploy.0 = Release|Any CPU
		{BB02265F-ECF0-4D14-B012-1FBCA21D667B}.Ad-Hoc|iPhone.ActiveCfg = Release|Any CPU
		{BB02265F-ECF0-4D14-B012-1FBCA21D667B}.Ad-Hoc|iPhone.Build.0 = Release|Any CPU
		{BB02265F-ECF0-4D14-B012-1FBCA21D667B}.Ad-Hoc|iPhone.Deploy.0 = Release|Any CPU
		{BB02265F-ECF0-4D14-B012-1FBCA21D667B}.Ad-Hoc|iPhoneSimulator.ActiveCfg = Release|Any CPU
		{BB02265F-ECF0-4D14-B012-1FBCA21D667B}.Ad-Hoc|iPhoneSimulator.Build.0 = Release|Any CPU
		{BB02265F-ECF0-4D14-B012-1FBCA21D667B}.Ad-Hoc|iPhoneSimulator.Deploy.0 = Release|Any CPU
		{BB02265F-ECF0-4D14-B012-1FBCA21D667B}.Ad-Hoc|x64.ActiveCfg = Release|Any CPU
		{BB02265F-ECF0-4D14-B012-1FBCA21D667B}.Ad-Hoc|x64.Build.0 = Release|Any CPU
		{BB02265F-ECF0-4D14-B012-1FBCA21D667B}.Ad-Hoc|x64.Deploy.0 = Release|Any CPU
		{BB02265F-ECF0-4D14-B012-1FBCA21D667B}.Ad-Hoc|x86.ActiveCfg = Release|Any CPU
		{BB02265F-ECF0-4D14-B012-1FBCA21D667B}.Ad-Hoc|x86.Build.0 = Release|Any CPU
		{BB02265F-ECF0-4D14-B012-1FBCA21D667B}.Ad-Hoc|x86.Deploy.0 = Release|Any CPU
		{BB02265F-ECF0-4D14-B012-1FBCA21D667B}.AppStore|Any CPU.ActiveCfg = Release|Any CPU
		{BB02265F-ECF0-4D14-B012-1FBCA21D667B}.AppStore|Any CPU.Build.0 = Release|Any CPU
		{BB02265F-ECF0-4D14-B012-1FBCA21D667B}.AppStore|Any CPU.Deploy.0 = Release|Any CPU
		{BB02265F-ECF0-4D14-B012-1FBCA21D667B}.AppStore|ARM.ActiveCfg = Release|Any CPU
		{BB02265F-ECF0-4D14-B012-1FBCA21D667B}.AppStore|ARM.Build.0 = Release|Any CPU
		{BB02265F-ECF0-4D14-B012-1FBCA21D667B}.AppStore|ARM.Deploy.0 = Release|Any CPU
		{BB02265F-ECF0-4D14-B012-1FBCA21D667B}.AppStore|iPhone.ActiveCfg = Release|Any CPU
		{BB02265F-ECF0-4D14-B012-1FBCA21D667B}.AppStore|iPhone.Build.0 = Release|Any CPU
		{BB02265F-ECF0-4D14-B012-1FBCA21D667B}.AppStore|iPhone.Deploy.0 = Release|Any CPU
		{BB02265F-ECF0-4D14-B012-1FBCA21D667B}.AppStore|iPhoneSimulator.ActiveCfg = Release|Any CPU
		{BB02265F-ECF0-4D14-B012-1FBCA21D667B}.AppStore|iPhoneSimulator.Build.0 = Release|Any CPU
		{BB02265F-ECF0-4D14-B012-1FBCA21D667B}.AppStore|iPhoneSimulator.Deploy.0 = Release|Any CPU
		{BB02265F-ECF0-4D14-B012-1FBCA21D667B}.AppStore|x64.ActiveCfg = Release|Any CPU
		{BB02265F-ECF0-4D14-B012-1FBCA21D667B}.AppStore|x64.Build.0 = Release|Any CPU
		{BB02265F-ECF0-4D14-B012-1FBCA21D667B}.AppStore|x64.Deploy.0 = Release|Any CPU
		{BB02265F-ECF0-4D14-B012-1FBCA21D667B}.AppStore|x86.ActiveCfg = Release|Any CPU
		{BB02265F-ECF0-4D14-B012-1FBCA21D667B}.AppStore|x86.Build.0 = Release|Any CPU
		{BB02265F-ECF0-4D14-B012-1FBCA21D667B}.AppStore|x86.Deploy.0 = Release|Any CPU
		{BB02265F-ECF0-4D14-B012-1FBCA21D667B}.Debug|Any CPU.ActiveCfg = Debug|Any CPU
		{BB02265F-ECF0-4D14-B012-1FBCA21D667B}.Debug|Any CPU.Build.0 = Debug|Any CPU
		{BB02265F-ECF0-4D14-B012-1FBCA21D667B}.Debug|Any CPU.Deploy.0 = Debug|Any CPU
		{BB02265F-ECF0-4D14-B012-1FBCA21D667B}.Debug|ARM.ActiveCfg = Debug|Any CPU
		{BB02265F-ECF0-4D14-B012-1FBCA21D667B}.Debug|ARM.Build.0 = Debug|Any CPU
		{BB02265F-ECF0-4D14-B012-1FBCA21D667B}.Debug|ARM.Deploy.0 = Debug|Any CPU
		{BB02265F-ECF0-4D14-B012-1FBCA21D667B}.Debug|iPhone.ActiveCfg = Debug|Any CPU
		{BB02265F-ECF0-4D14-B012-1FBCA21D667B}.Debug|iPhone.Build.0 = Debug|Any CPU
		{BB02265F-ECF0-4D14-B012-1FBCA21D667B}.Debug|iPhone.Deploy.0 = Debug|Any CPU
		{BB02265F-ECF0-4D14-B012-1FBCA21D667B}.Debug|iPhoneSimulator.ActiveCfg = Debug|Any CPU
		{BB02265F-ECF0-4D14-B012-1FBCA21D667B}.Debug|iPhoneSimulator.Build.0 = Debug|Any CPU
		{BB02265F-ECF0-4D14-B012-1FBCA21D667B}.Debug|iPhoneSimulator.Deploy.0 = Debug|Any CPU
		{BB02265F-ECF0-4D14-B012-1FBCA21D667B}.Debug|x64.ActiveCfg = Debug|Any CPU
		{BB02265F-ECF0-4D14-B012-1FBCA21D667B}.Debug|x64.Build.0 = Debug|Any CPU
		{BB02265F-ECF0-4D14-B012-1FBCA21D667B}.Debug|x64.Deploy.0 = Debug|Any CPU
		{BB02265F-ECF0-4D14-B012-1FBCA21D667B}.Debug|x86.ActiveCfg = Debug|Any CPU
		{BB02265F-ECF0-4D14-B012-1FBCA21D667B}.Debug|x86.Build.0 = Debug|Any CPU
		{BB02265F-ECF0-4D14-B012-1FBCA21D667B}.Debug|x86.Deploy.0 = Debug|Any CPU
		{BB02265F-ECF0-4D14-B012-1FBCA21D667B}.Release|Any CPU.ActiveCfg = Release|Any CPU
		{BB02265F-ECF0-4D14-B012-1FBCA21D667B}.Release|Any CPU.Build.0 = Release|Any CPU
		{BB02265F-ECF0-4D14-B012-1FBCA21D667B}.Release|Any CPU.Deploy.0 = Release|Any CPU
		{BB02265F-ECF0-4D14-B012-1FBCA21D667B}.Release|ARM.ActiveCfg = Release|Any CPU
		{BB02265F-ECF0-4D14-B012-1FBCA21D667B}.Release|ARM.Build.0 = Release|Any CPU
		{BB02265F-ECF0-4D14-B012-1FBCA21D667B}.Release|ARM.Deploy.0 = Release|Any CPU
		{BB02265F-ECF0-4D14-B012-1FBCA21D667B}.Release|iPhone.ActiveCfg = Release|Any CPU
		{BB02265F-ECF0-4D14-B012-1FBCA21D667B}.Release|iPhone.Build.0 = Release|Any CPU
		{BB02265F-ECF0-4D14-B012-1FBCA21D667B}.Release|iPhone.Deploy.0 = Release|Any CPU
		{BB02265F-ECF0-4D14-B012-1FBCA21D667B}.Release|iPhoneSimulator.ActiveCfg = Release|Any CPU
		{BB02265F-ECF0-4D14-B012-1FBCA21D667B}.Release|iPhoneSimulator.Build.0 = Release|Any CPU
		{BB02265F-ECF0-4D14-B012-1FBCA21D667B}.Release|iPhoneSimulator.Deploy.0 = Release|Any CPU
		{BB02265F-ECF0-4D14-B012-1FBCA21D667B}.Release|x64.ActiveCfg = Release|Any CPU
		{BB02265F-ECF0-4D14-B012-1FBCA21D667B}.Release|x64.Build.0 = Release|Any CPU
		{BB02265F-ECF0-4D14-B012-1FBCA21D667B}.Release|x64.Deploy.0 = Release|Any CPU
		{BB02265F-ECF0-4D14-B012-1FBCA21D667B}.Release|x86.ActiveCfg = Release|Any CPU
		{BB02265F-ECF0-4D14-B012-1FBCA21D667B}.Release|x86.Build.0 = Release|Any CPU
		{BB02265F-ECF0-4D14-B012-1FBCA21D667B}.Release|x86.Deploy.0 = Release|Any CPU
		{CE89AEFB-2C04-4AED-86F0-A0E99D687937}.Ad-Hoc|Any CPU.ActiveCfg = Ad-Hoc|iPhone
		{CE89AEFB-2C04-4AED-86F0-A0E99D687937}.Ad-Hoc|Any CPU.Build.0 = Ad-Hoc|iPhone
		{CE89AEFB-2C04-4AED-86F0-A0E99D687937}.Ad-Hoc|Any CPU.Deploy.0 = Ad-Hoc|iPhone
		{CE89AEFB-2C04-4AED-86F0-A0E99D687937}.Ad-Hoc|ARM.ActiveCfg = Ad-Hoc|iPhone
		{CE89AEFB-2C04-4AED-86F0-A0E99D687937}.Ad-Hoc|ARM.Build.0 = Ad-Hoc|iPhone
		{CE89AEFB-2C04-4AED-86F0-A0E99D687937}.Ad-Hoc|ARM.Deploy.0 = Ad-Hoc|iPhone
		{CE89AEFB-2C04-4AED-86F0-A0E99D687937}.Ad-Hoc|iPhone.ActiveCfg = Ad-Hoc|iPhone
		{CE89AEFB-2C04-4AED-86F0-A0E99D687937}.Ad-Hoc|iPhone.Build.0 = Ad-Hoc|iPhone
		{CE89AEFB-2C04-4AED-86F0-A0E99D687937}.Ad-Hoc|iPhone.Deploy.0 = Ad-Hoc|iPhone
		{CE89AEFB-2C04-4AED-86F0-A0E99D687937}.Ad-Hoc|iPhoneSimulator.ActiveCfg = Ad-Hoc|iPhoneSimulator
		{CE89AEFB-2C04-4AED-86F0-A0E99D687937}.Ad-Hoc|iPhoneSimulator.Build.0 = Ad-Hoc|iPhoneSimulator
		{CE89AEFB-2C04-4AED-86F0-A0E99D687937}.Ad-Hoc|iPhoneSimulator.Deploy.0 = Ad-Hoc|iPhoneSimulator
		{CE89AEFB-2C04-4AED-86F0-A0E99D687937}.Ad-Hoc|x64.ActiveCfg = Ad-Hoc|iPhone
		{CE89AEFB-2C04-4AED-86F0-A0E99D687937}.Ad-Hoc|x64.Build.0 = Ad-Hoc|iPhone
		{CE89AEFB-2C04-4AED-86F0-A0E99D687937}.Ad-Hoc|x64.Deploy.0 = Ad-Hoc|iPhone
		{CE89AEFB-2C04-4AED-86F0-A0E99D687937}.Ad-Hoc|x86.ActiveCfg = Ad-Hoc|iPhone
		{CE89AEFB-2C04-4AED-86F0-A0E99D687937}.Ad-Hoc|x86.Build.0 = Ad-Hoc|iPhone
		{CE89AEFB-2C04-4AED-86F0-A0E99D687937}.Ad-Hoc|x86.Deploy.0 = Ad-Hoc|iPhone
		{CE89AEFB-2C04-4AED-86F0-A0E99D687937}.AppStore|Any CPU.ActiveCfg = AppStore|iPhone
		{CE89AEFB-2C04-4AED-86F0-A0E99D687937}.AppStore|Any CPU.Build.0 = AppStore|iPhone
		{CE89AEFB-2C04-4AED-86F0-A0E99D687937}.AppStore|Any CPU.Deploy.0 = AppStore|iPhone
		{CE89AEFB-2C04-4AED-86F0-A0E99D687937}.AppStore|ARM.ActiveCfg = AppStore|iPhone
		{CE89AEFB-2C04-4AED-86F0-A0E99D687937}.AppStore|ARM.Build.0 = AppStore|iPhone
		{CE89AEFB-2C04-4AED-86F0-A0E99D687937}.AppStore|ARM.Deploy.0 = AppStore|iPhone
		{CE89AEFB-2C04-4AED-86F0-A0E99D687937}.AppStore|iPhone.ActiveCfg = AppStore|iPhone
		{CE89AEFB-2C04-4AED-86F0-A0E99D687937}.AppStore|iPhone.Build.0 = AppStore|iPhone
		{CE89AEFB-2C04-4AED-86F0-A0E99D687937}.AppStore|iPhone.Deploy.0 = AppStore|iPhone
		{CE89AEFB-2C04-4AED-86F0-A0E99D687937}.AppStore|iPhoneSimulator.ActiveCfg = AppStore|iPhoneSimulator
		{CE89AEFB-2C04-4AED-86F0-A0E99D687937}.AppStore|iPhoneSimulator.Build.0 = AppStore|iPhoneSimulator
		{CE89AEFB-2C04-4AED-86F0-A0E99D687937}.AppStore|iPhoneSimulator.Deploy.0 = AppStore|iPhoneSimulator
		{CE89AEFB-2C04-4AED-86F0-A0E99D687937}.AppStore|x64.ActiveCfg = AppStore|iPhone
		{CE89AEFB-2C04-4AED-86F0-A0E99D687937}.AppStore|x64.Build.0 = AppStore|iPhone
		{CE89AEFB-2C04-4AED-86F0-A0E99D687937}.AppStore|x64.Deploy.0 = AppStore|iPhone
		{CE89AEFB-2C04-4AED-86F0-A0E99D687937}.AppStore|x86.ActiveCfg = AppStore|iPhone
		{CE89AEFB-2C04-4AED-86F0-A0E99D687937}.AppStore|x86.Build.0 = AppStore|iPhone
		{CE89AEFB-2C04-4AED-86F0-A0E99D687937}.AppStore|x86.Deploy.0 = AppStore|iPhone
		{CE89AEFB-2C04-4AED-86F0-A0E99D687937}.Debug|Any CPU.ActiveCfg = Debug|iPhoneSimulator
		{CE89AEFB-2C04-4AED-86F0-A0E99D687937}.Debug|Any CPU.Build.0 = Debug|iPhoneSimulator
		{CE89AEFB-2C04-4AED-86F0-A0E99D687937}.Debug|Any CPU.Deploy.0 = Debug|iPhoneSimulator
		{CE89AEFB-2C04-4AED-86F0-A0E99D687937}.Debug|ARM.ActiveCfg = Debug|iPhone
		{CE89AEFB-2C04-4AED-86F0-A0E99D687937}.Debug|ARM.Build.0 = Debug|iPhone
		{CE89AEFB-2C04-4AED-86F0-A0E99D687937}.Debug|ARM.Deploy.0 = Debug|iPhone
		{CE89AEFB-2C04-4AED-86F0-A0E99D687937}.Debug|iPhone.ActiveCfg = Debug|iPhone
		{CE89AEFB-2C04-4AED-86F0-A0E99D687937}.Debug|iPhone.Build.0 = Debug|iPhone
		{CE89AEFB-2C04-4AED-86F0-A0E99D687937}.Debug|iPhone.Deploy.0 = Debug|iPhone
		{CE89AEFB-2C04-4AED-86F0-A0E99D687937}.Debug|iPhoneSimulator.ActiveCfg = Debug|iPhoneSimulator
		{CE89AEFB-2C04-4AED-86F0-A0E99D687937}.Debug|iPhoneSimulator.Build.0 = Debug|iPhoneSimulator
		{CE89AEFB-2C04-4AED-86F0-A0E99D687937}.Debug|iPhoneSimulator.Deploy.0 = Debug|iPhoneSimulator
		{CE89AEFB-2C04-4AED-86F0-A0E99D687937}.Debug|x64.ActiveCfg = Debug|iPhone
		{CE89AEFB-2C04-4AED-86F0-A0E99D687937}.Debug|x64.Build.0 = Debug|iPhone
		{CE89AEFB-2C04-4AED-86F0-A0E99D687937}.Debug|x64.Deploy.0 = Debug|iPhone
		{CE89AEFB-2C04-4AED-86F0-A0E99D687937}.Debug|x86.ActiveCfg = Debug|iPhone
		{CE89AEFB-2C04-4AED-86F0-A0E99D687937}.Debug|x86.Build.0 = Debug|iPhone
		{CE89AEFB-2C04-4AED-86F0-A0E99D687937}.Debug|x86.Deploy.0 = Debug|iPhone
		{CE89AEFB-2C04-4AED-86F0-A0E99D687937}.Release|Any CPU.ActiveCfg = Release|iPhone
		{CE89AEFB-2C04-4AED-86F0-A0E99D687937}.Release|Any CPU.Build.0 = Release|iPhone
		{CE89AEFB-2C04-4AED-86F0-A0E99D687937}.Release|Any CPU.Deploy.0 = Release|iPhone
		{CE89AEFB-2C04-4AED-86F0-A0E99D687937}.Release|ARM.ActiveCfg = Release|iPhone
		{CE89AEFB-2C04-4AED-86F0-A0E99D687937}.Release|ARM.Build.0 = Release|iPhone
		{CE89AEFB-2C04-4AED-86F0-A0E99D687937}.Release|ARM.Deploy.0 = Release|iPhone
		{CE89AEFB-2C04-4AED-86F0-A0E99D687937}.Release|iPhone.ActiveCfg = Release|iPhone
		{CE89AEFB-2C04-4AED-86F0-A0E99D687937}.Release|iPhone.Build.0 = Release|iPhone
		{CE89AEFB-2C04-4AED-86F0-A0E99D687937}.Release|iPhone.Deploy.0 = Release|iPhone
		{CE89AEFB-2C04-4AED-86F0-A0E99D687937}.Release|iPhoneSimulator.ActiveCfg = Release|iPhoneSimulator
		{CE89AEFB-2C04-4AED-86F0-A0E99D687937}.Release|iPhoneSimulator.Build.0 = Release|iPhoneSimulator
		{CE89AEFB-2C04-4AED-86F0-A0E99D687937}.Release|iPhoneSimulator.Deploy.0 = Release|iPhoneSimulator
		{CE89AEFB-2C04-4AED-86F0-A0E99D687937}.Release|x64.ActiveCfg = Release|iPhone
		{CE89AEFB-2C04-4AED-86F0-A0E99D687937}.Release|x64.Build.0 = Release|iPhone
		{CE89AEFB-2C04-4AED-86F0-A0E99D687937}.Release|x64.Deploy.0 = Release|iPhone
		{CE89AEFB-2C04-4AED-86F0-A0E99D687937}.Release|x86.ActiveCfg = Release|iPhone
		{CE89AEFB-2C04-4AED-86F0-A0E99D687937}.Release|x86.Build.0 = Release|iPhone
		{CE89AEFB-2C04-4AED-86F0-A0E99D687937}.Release|x86.Deploy.0 = Release|iPhone
		{63CB5E9E-0A84-4934-9C91-C68BE516AFE5}.Ad-Hoc|Any CPU.ActiveCfg = Release|x86
		{63CB5E9E-0A84-4934-9C91-C68BE516AFE5}.Ad-Hoc|Any CPU.Build.0 = Release|x86
		{63CB5E9E-0A84-4934-9C91-C68BE516AFE5}.Ad-Hoc|Any CPU.Deploy.0 = Release|x86
		{63CB5E9E-0A84-4934-9C91-C68BE516AFE5}.Ad-Hoc|ARM.ActiveCfg = Release|ARM
		{63CB5E9E-0A84-4934-9C91-C68BE516AFE5}.Ad-Hoc|ARM.Build.0 = Release|ARM
		{63CB5E9E-0A84-4934-9C91-C68BE516AFE5}.Ad-Hoc|ARM.Deploy.0 = Release|ARM
		{63CB5E9E-0A84-4934-9C91-C68BE516AFE5}.Ad-Hoc|iPhone.ActiveCfg = Release|x86
		{63CB5E9E-0A84-4934-9C91-C68BE516AFE5}.Ad-Hoc|iPhone.Build.0 = Release|x86
		{63CB5E9E-0A84-4934-9C91-C68BE516AFE5}.Ad-Hoc|iPhone.Deploy.0 = Release|x86
		{63CB5E9E-0A84-4934-9C91-C68BE516AFE5}.Ad-Hoc|iPhoneSimulator.ActiveCfg = Release|x86
		{63CB5E9E-0A84-4934-9C91-C68BE516AFE5}.Ad-Hoc|iPhoneSimulator.Build.0 = Release|x86
		{63CB5E9E-0A84-4934-9C91-C68BE516AFE5}.Ad-Hoc|iPhoneSimulator.Deploy.0 = Release|x86
		{63CB5E9E-0A84-4934-9C91-C68BE516AFE5}.Ad-Hoc|x64.ActiveCfg = Release|x64
		{63CB5E9E-0A84-4934-9C91-C68BE516AFE5}.Ad-Hoc|x64.Build.0 = Release|x64
		{63CB5E9E-0A84-4934-9C91-C68BE516AFE5}.Ad-Hoc|x64.Deploy.0 = Release|x64
		{63CB5E9E-0A84-4934-9C91-C68BE516AFE5}.Ad-Hoc|x86.ActiveCfg = Release|x86
		{63CB5E9E-0A84-4934-9C91-C68BE516AFE5}.Ad-Hoc|x86.Build.0 = Release|x86
		{63CB5E9E-0A84-4934-9C91-C68BE516AFE5}.Ad-Hoc|x86.Deploy.0 = Release|x86
		{63CB5E9E-0A84-4934-9C91-C68BE516AFE5}.AppStore|Any CPU.ActiveCfg = Release|x86
		{63CB5E9E-0A84-4934-9C91-C68BE516AFE5}.AppStore|Any CPU.Build.0 = Release|x86
		{63CB5E9E-0A84-4934-9C91-C68BE516AFE5}.AppStore|Any CPU.Deploy.0 = Release|x86
		{63CB5E9E-0A84-4934-9C91-C68BE516AFE5}.AppStore|ARM.ActiveCfg = Release|ARM
		{63CB5E9E-0A84-4934-9C91-C68BE516AFE5}.AppStore|ARM.Build.0 = Release|ARM
		{63CB5E9E-0A84-4934-9C91-C68BE516AFE5}.AppStore|ARM.Deploy.0 = Release|ARM
		{63CB5E9E-0A84-4934-9C91-C68BE516AFE5}.AppStore|iPhone.ActiveCfg = Release|x86
		{63CB5E9E-0A84-4934-9C91-C68BE516AFE5}.AppStore|iPhone.Build.0 = Release|x86
		{63CB5E9E-0A84-4934-9C91-C68BE516AFE5}.AppStore|iPhone.Deploy.0 = Release|x86
		{63CB5E9E-0A84-4934-9C91-C68BE516AFE5}.AppStore|iPhoneSimulator.ActiveCfg = Release|x86
		{63CB5E9E-0A84-4934-9C91-C68BE516AFE5}.AppStore|iPhoneSimulator.Build.0 = Release|x86
		{63CB5E9E-0A84-4934-9C91-C68BE516AFE5}.AppStore|iPhoneSimulator.Deploy.0 = Release|x86
		{63CB5E9E-0A84-4934-9C91-C68BE516AFE5}.AppStore|x64.ActiveCfg = Release|x64
		{63CB5E9E-0A84-4934-9C91-C68BE516AFE5}.AppStore|x64.Build.0 = Release|x64
		{63CB5E9E-0A84-4934-9C91-C68BE516AFE5}.AppStore|x64.Deploy.0 = Release|x64
		{63CB5E9E-0A84-4934-9C91-C68BE516AFE5}.AppStore|x86.ActiveCfg = Release|x86
		{63CB5E9E-0A84-4934-9C91-C68BE516AFE5}.AppStore|x86.Build.0 = Release|x86
		{63CB5E9E-0A84-4934-9C91-C68BE516AFE5}.AppStore|x86.Deploy.0 = Release|x86
		{63CB5E9E-0A84-4934-9C91-C68BE516AFE5}.Debug|Any CPU.ActiveCfg = Debug|x86
		{63CB5E9E-0A84-4934-9C91-C68BE516AFE5}.Debug|Any CPU.Build.0 = Debug|x86
		{63CB5E9E-0A84-4934-9C91-C68BE516AFE5}.Debug|Any CPU.Deploy.0 = Debug|x86
		{63CB5E9E-0A84-4934-9C91-C68BE516AFE5}.Debug|ARM.ActiveCfg = Debug|ARM
		{63CB5E9E-0A84-4934-9C91-C68BE516AFE5}.Debug|ARM.Build.0 = Debug|ARM
		{63CB5E9E-0A84-4934-9C91-C68BE516AFE5}.Debug|ARM.Deploy.0 = Debug|ARM
		{63CB5E9E-0A84-4934-9C91-C68BE516AFE5}.Debug|iPhone.ActiveCfg = Debug|x86
		{63CB5E9E-0A84-4934-9C91-C68BE516AFE5}.Debug|iPhone.Build.0 = Debug|x86
		{63CB5E9E-0A84-4934-9C91-C68BE516AFE5}.Debug|iPhone.Deploy.0 = Debug|x86
		{63CB5E9E-0A84-4934-9C91-C68BE516AFE5}.Debug|iPhoneSimulator.ActiveCfg = Debug|x86
		{63CB5E9E-0A84-4934-9C91-C68BE516AFE5}.Debug|iPhoneSimulator.Build.0 = Debug|x86
		{63CB5E9E-0A84-4934-9C91-C68BE516AFE5}.Debug|iPhoneSimulator.Deploy.0 = Debug|x86
		{63CB5E9E-0A84-4934-9C91-C68BE516AFE5}.Debug|x64.ActiveCfg = Debug|x64
		{63CB5E9E-0A84-4934-9C91-C68BE516AFE5}.Debug|x64.Build.0 = Debug|x64
		{63CB5E9E-0A84-4934-9C91-C68BE516AFE5}.Debug|x64.Deploy.0 = Debug|x64
		{63CB5E9E-0A84-4934-9C91-C68BE516AFE5}.Debug|x86.ActiveCfg = Debug|x86
		{63CB5E9E-0A84-4934-9C91-C68BE516AFE5}.Debug|x86.Build.0 = Debug|x86
		{63CB5E9E-0A84-4934-9C91-C68BE516AFE5}.Debug|x86.Deploy.0 = Debug|x86
		{63CB5E9E-0A84-4934-9C91-C68BE516AFE5}.Release|Any CPU.ActiveCfg = Release|x86
		{63CB5E9E-0A84-4934-9C91-C68BE516AFE5}.Release|Any CPU.Build.0 = Release|x86
		{63CB5E9E-0A84-4934-9C91-C68BE516AFE5}.Release|Any CPU.Deploy.0 = Release|x86
		{63CB5E9E-0A84-4934-9C91-C68BE516AFE5}.Release|ARM.ActiveCfg = Release|ARM
		{63CB5E9E-0A84-4934-9C91-C68BE516AFE5}.Release|ARM.Build.0 = Release|ARM
		{63CB5E9E-0A84-4934-9C91-C68BE516AFE5}.Release|ARM.Deploy.0 = Release|ARM
		{63CB5E9E-0A84-4934-9C91-C68BE516AFE5}.Release|iPhone.ActiveCfg = Release|x86
		{63CB5E9E-0A84-4934-9C91-C68BE516AFE5}.Release|iPhone.Build.0 = Release|x86
		{63CB5E9E-0A84-4934-9C91-C68BE516AFE5}.Release|iPhone.Deploy.0 = Release|x86
		{63CB5E9E-0A84-4934-9C91-C68BE516AFE5}.Release|iPhoneSimulator.ActiveCfg = Release|x86
		{63CB5E9E-0A84-4934-9C91-C68BE516AFE5}.Release|iPhoneSimulator.Build.0 = Release|x86
		{63CB5E9E-0A84-4934-9C91-C68BE516AFE5}.Release|iPhoneSimulator.Deploy.0 = Release|x86
		{63CB5E9E-0A84-4934-9C91-C68BE516AFE5}.Release|x64.ActiveCfg = Release|x64
		{63CB5E9E-0A84-4934-9C91-C68BE516AFE5}.Release|x64.Build.0 = Release|x64
		{63CB5E9E-0A84-4934-9C91-C68BE516AFE5}.Release|x64.Deploy.0 = Release|x64
		{63CB5E9E-0A84-4934-9C91-C68BE516AFE5}.Release|x86.ActiveCfg = Release|x86
		{63CB5E9E-0A84-4934-9C91-C68BE516AFE5}.Release|x86.Build.0 = Release|x86
		{63CB5E9E-0A84-4934-9C91-C68BE516AFE5}.Release|x86.Deploy.0 = Release|x86
	EndGlobalSection
	GlobalSection(SolutionProperties) = preSolution
		HideSolutionNode = FALSE
	EndGlobalSection
	GlobalSection(ExtensibilityGlobals) = postSolution
		SolutionGuid = {3A349903-800D-4084-B650-C09E282B7258}
	EndGlobalSection
EndGlobal
